
Microsoft Visual Studio Solution File, Format Version 12.00
# Visual Studio Version 16
VisualStudioVersion = 16.0.30621.155
MinimumVisualStudioVersion = 10.0.40219.1
Project("{9A19103F-16F7-4668-BE54-9A1E7A4F7556}") = "ActorHandlerModuleHunger", "ActorHandlerModuleHunger.csproj", "{20A11BF6-14F3-4F39-9FAB-00DEF379EFDC}"
EndProject
Global
	GlobalSection(SolutionConfigurationPlatforms) = preSolution
		Debug|Any CPU = Debug|Any CPU
		Release|Any CPU = Release|Any CPU
	EndGlobalSection
	GlobalSection(ProjectConfigurationPlatforms) = postSolution
		{20A11BF6-14F3-4F39-9FAB-00DEF379EFDC}.Debug|Any CPU.ActiveCfg = Debug|Any CPU
		{20A11BF6-14F3-4F39-9FAB-00DEF379EFDC}.Debug|Any CPU.Build.0 = Debug|Any CPU
		{20A11BF6-14F3-4F39-9FAB-00DEF379EFDC}.Release|Any CPU.ActiveCfg = Release|Any CPU
		{20A11BF6-14F3-4F39-9FAB-00DEF379EFDC}.Release|Any CPU.Build.0 = Release|Any CPU
	EndGlobalSection
	GlobalSection(SolutionProperties) = preSolution
		HideSolutionNode = FALSE
	EndGlobalSection
	GlobalSection(ExtensibilityGlobals) = postSolution
		SolutionGuid = {2A274FA3-05E9-43C3-9191-A408A3C15213}
	EndGlobalSection
EndGlobal
